<?xml version="1.0" encoding="UTF-8" standalone="yes" ?>
<CodeBlocks_project_file>
	<FileVersion major="1" minor="6" />
	<Project>
		<Option title="app" />
		<Option pch_mode="2" />
		<Option compiler="gcc" />
		<Build>
			<Target title="Debug">
				<Option output="bin/Debug/app" prefix_auto="1" extension_auto="1" />
				<Option object_output="obj/Debug/" />
				<Option type="1" />
				<Option compiler="gcc" />
				<Compiler>
					<Add option="-g" />
				</Compiler>
			</Target>
			<Target title="Release">
				<Option output="bin/Release/app" prefix_auto="1" extension_auto="1" />
				<Option object_output="obj/Release/" />
				<Option type="1" />
				<Option compiler="gcc" />
				<Compiler>
					<Add option="-O2" />
				</Compiler>
				<Linker>
					<Add option="-s" />
				</Linker>
			</Target>
		</Build>
		<Compiler>
			<Add option="-Wall" />
			<Add option="-fexceptions" />
			<Add directory="../libs/SFML-2.5.1/include" />
			<Add directory="../libs/TankGraphics" />
		</Compiler>
		<Linker>
			<Add library="../libs/TankGraphics/bin/Debug/libTankGraphics.a" />
			<Add library="sfml-graphics" />
			<Add library="sfml-window" />
			<Add library="sfml-system" />
			<Add library="sfml-audio" />
			<Add library="opengl32" />
			<Add directory="../libs/SFML-2.5.1/lib" />
			<Add directory="../libs/TankGraphics/bin/Debug" />
		</Linker>
		<Unit filename="Button.cpp" />
		<Unit filename="Button.h" />
		<Unit filename="Game.cpp" />
		<Unit filename="Game.h" />
		<Unit filename="GameState.cpp" />
		<Unit filename="GameState.h" />
		<Unit filename="InstructionScreenState.cpp" />
		<Unit filename="InstructionScreenState.h" />
		<Unit filename="MainMenuState.cpp" />
		<Unit filename="MainMenuState.h" />
		<Unit filename="Map.h" />
		<Unit filename="Maps.cpp" />
		<Unit filename="Maps.h" />
		<Unit filename="PauseState.cpp" />
		<Unit filename="PauseState.h" />
		<Unit filename="Score.cpp" />
		<Unit filename="Score.h" />
		<Unit filename="ScoresScreenState.cpp" />
		<Unit filename="ScoresScreenState.h" />
		<Unit filename="State.cpp" />
		<Unit filename="State.h" />
		<Unit filename="main.cpp" />
		<Extensions>
			<lib_finder disable_auto="1" />
		</Extensions>
	</Project>
</CodeBlocks_project_file>
